
Microsoft Visual Studio Solution File, Format Version 12.00
# Visual Studio Version 17
VisualStudioVersion = 17.11.35312.102
MinimumVisualStudioVersion = 10.0.40219.1
Project("{FAE04EC0-301F-11D3-BF4B-00C04F79EFBC}") = "Ciclos, for y while", "Ciclos, for y while\Ciclos, for y while.csproj", "{DE01B36D-71E3-44A9-850D-36434E5A4F23}"
EndProject
Global
	GlobalSection(SolutionConfigurationPlatforms) = preSolution
		Debug|Any CPU = Debug|Any CPU
		Release|Any CPU = Release|Any CPU
	EndGlobalSection
	GlobalSection(ProjectConfigurationPlatforms) = postSolution
		{DE01B36D-71E3-44A9-850D-36434E5A4F23}.Debug|Any CPU.ActiveCfg = Debug|Any CPU
		{DE01B36D-71E3-44A9-850D-36434E5A4F23}.Debug|Any CPU.Build.0 = Debug|Any CPU
		{DE01B36D-71E3-44A9-850D-36434E5A4F23}.Release|Any CPU.ActiveCfg = Release|Any CPU
		{DE01B36D-71E3-44A9-850D-36434E5A4F23}.Release|Any CPU.Build.0 = Release|Any CPU
	EndGlobalSection
	GlobalSection(SolutionProperties) = preSolution
		HideSolutionNode = FALSE
	EndGlobalSection
	GlobalSection(ExtensibilityGlobals) = postSolution
		SolutionGuid = {D854056C-3C92-41F8-86BB-CFB5B4C3995C}
	EndGlobalSection
EndGlobal
